// !$*UTF8*$!
{
	archiveVersion = 1;
	classes = {
	};
	objectVersion = 50;
	objects = {

/* Begin PBXBuildFile section */
		0D86908C2510576200C820B9 /* AppDelegate.swift in Sources */ = {isa = PBXBuildFile; fileRef = 0D86908B2510576200C820B9 /* AppDelegate.swift */; };
		0D86908E2510576200C820B9 /* SceneDelegate.swift in Sources */ = {isa = PBXBuildFile; fileRef = 0D86908D2510576200C820B9 /* SceneDelegate.swift */; };
		0D8690902510576200C820B9 /* ConversationsViewController.swift in Sources */ = {isa = PBXBuildFile; fileRef = 0D86908F2510576200C820B9 /* ConversationsViewController.swift */; };
		0D8690932510576200C820B9 /* Main.storyboard in Resources */ = {isa = PBXBuildFile; fileRef = 0D8690912510576200C820B9 /* Main.storyboard */; };
		0D8690952510576300C820B9 /* Assets.xcassets in Resources */ = {isa = PBXBuildFile; fileRef = 0D8690942510576300C820B9 /* Assets.xcassets */; };
		0D8690982510576300C820B9 /* LaunchScreen.storyboard in Resources */ = {isa = PBXBuildFile; fileRef = 0D8690962510576300C820B9 /* LaunchScreen.storyboard */; };
		0D8690A625105C1700C820B9 /* LoginViewController.swift in Sources */ = {isa = PBXBuildFile; fileRef = 0D8690A525105C1700C820B9 /* LoginViewController.swift */; };
		0D8690A825105C2A00C820B9 /* RegisterViewController.swift in Sources */ = {isa = PBXBuildFile; fileRef = 0D8690A725105C2A00C820B9 /* RegisterViewController.swift */; };
		0D8690AA25105C4300C820B9 /* PhotoViewerViewController.swift in Sources */ = {isa = PBXBuildFile; fileRef = 0D8690A925105C4300C820B9 /* PhotoViewerViewController.swift */; };
		0D8690AC25105C5900C820B9 /* VideoPlayerViewController.swift in Sources */ = {isa = PBXBuildFile; fileRef = 0D8690AB25105C5900C820B9 /* VideoPlayerViewController.swift */; };
		0D8690AE25105C6C00C820B9 /* NewConversationViewController.swift in Sources */ = {isa = PBXBuildFile; fileRef = 0D8690AD25105C6C00C820B9 /* NewConversationViewController.swift */; };
		0D8690B025105C7D00C820B9 /* ProfileViewController.swift in Sources */ = {isa = PBXBuildFile; fileRef = 0D8690AF25105C7D00C820B9 /* ProfileViewController.swift */; };
/* End PBXBuildFile section */

/* Begin PBXFileReference section */
		0D8690882510576200C820B9 /* Messager.app */ = {isa = PBXFileReference; explicitFileType = wrapper.application; includeInIndex = 0; path = Messager.app; sourceTree = BUILT_PRODUCTS_DIR; };
		0D86908B2510576200C820B9 /* AppDelegate.swift */ = {isa = PBXFileReference; lastKnownFileType = sourcecode.swift; path = AppDelegate.swift; sourceTree = "<group>"; };
		0D86908D2510576200C820B9 /* SceneDelegate.swift */ = {isa = PBXFileReference; lastKnownFileType = sourcecode.swift; path = SceneDelegate.swift; sourceTree = "<group>"; };
		0D86908F2510576200C820B9 /* ConversationsViewController.swift */ = {isa = PBXFileReference; lastKnownFileType = sourcecode.swift; path = ConversationsViewController.swift; sourceTree = "<group>"; };
		0D8690922510576200C820B9 /* Base */ = {isa = PBXFileReference; lastKnownFileType = file.storyboard; name = Base; path = Base.lproj/Main.storyboard; sourceTree = "<group>"; };
		0D8690942510576300C820B9 /* Assets.xcassets */ = {isa = PBXFileReference; lastKnownFileType = folder.assetcatalog; path = Assets.xcassets; sourceTree = "<group>"; };
		0D8690972510576300C820B9 /* Base */ = {isa = PBXFileReference; lastKnownFileType = file.storyboard; name = Base; path = Base.lproj/LaunchScreen.storyboard; sourceTree = "<group>"; };
		0D8690992510576300C820B9 /* Info.plist */ = {isa = PBXFileReference; lastKnownFileType = text.plist.xml; path = Info.plist; sourceTree = "<group>"; };
		0D8690A525105C1700C820B9 /* LoginViewController.swift */ = {isa = PBXFileReference; lastKnownFileType = sourcecode.swift; path = LoginViewController.swift; sourceTree = "<group>"; };
		0D8690A725105C2A00C820B9 /* RegisterViewController.swift */ = {isa = PBXFileReference; lastKnownFileType = sourcecode.swift; path = RegisterViewController.swift; sourceTree = "<group>"; };
		0D8690A925105C4300C820B9 /* PhotoViewerViewController.swift */ = {isa = PBXFileReference; lastKnownFileType = sourcecode.swift; path = PhotoViewerViewController.swift; sourceTree = "<group>"; };
		0D8690AB25105C5900C820B9 /* VideoPlayerViewController.swift */ = {isa = PBXFileReference; lastKnownFileType = sourcecode.swift; path = VideoPlayerViewController.swift; sourceTree = "<group>"; };
		0D8690AD25105C6C00C820B9 /* NewConversationViewController.swift */ = {isa = PBXFileReference; lastKnownFileType = sourcecode.swift; path = NewConversationViewController.swift; sourceTree = "<group>"; };
		0D8690AF25105C7D00C820B9 /* ProfileViewController.swift */ = {isa = PBXFileReference; lastKnownFileType = sourcecode.swift; path = ProfileViewController.swift; sourceTree = "<group>"; };
/* End PBXFileReference section */

/* Begin PBXFrameworksBuildPhase section */
		0D8690852510576200C820B9 /* Frameworks */ = {
			isa = PBXFrameworksBuildPhase;
			buildActionMask = 2147483647;
			files = (
			);
			runOnlyForDeploymentPostprocessing = 0;
		};
/* End PBXFrameworksBuildPhase section */

/* Begin PBXGroup section */
		0D86907F2510576200C820B9 = {
			isa = PBXGroup;
			children = (
				0D86908A2510576200C820B9 /* Messager */,
				0D8690892510576200C820B9 /* Products */,
			);
			sourceTree = "<group>";
		};
		0D8690892510576200C820B9 /* Products */ = {
			isa = PBXGroup;
			children = (
				0D8690882510576200C820B9 /* Messager.app */,
			);
			name = Products;
			sourceTree = "<group>";
		};
		0D86908A2510576200C820B9 /* Messager */ = {
			isa = PBXGroup;
			children = (
				0D8690A3251059BA00C820B9 /* Resources */,
				0D8690A22510599E00C820B9 /* ViewModels */,
				0D8690A12510599000C820B9 /* Models */,
				0D8690A02510598800C820B9 /* Views */,
				0D86909F2510597D00C820B9 /* Controllers */,
				0D8690992510576300C820B9 /* Info.plist */,
			);
			path = Messager;
			sourceTree = "<group>";
		};
		0D86909F2510597D00C820B9 /* Controllers */ = {
			isa = PBXGroup;
			children = (
				0D86908F2510576200C820B9 /* ConversationsViewController.swift */,
				0D8690A525105C1700C820B9 /* LoginViewController.swift */,
				0D8690A725105C2A00C820B9 /* RegisterViewController.swift */,
				0D8690A925105C4300C820B9 /* PhotoViewerViewController.swift */,
				0D8690AB25105C5900C820B9 /* VideoPlayerViewController.swift */,
				0D8690AD25105C6C00C820B9 /* NewConversationViewController.swift */,
				0D8690AF25105C7D00C820B9 /* ProfileViewController.swift */,
			);
			path = Controllers;
			sourceTree = "<group>";
		};
		0D8690A02510598800C820B9 /* Views */ = {
			isa = PBXGroup;
			children = (
				0D8690A4251059DC00C820B9 /* Storyboards */,
				0D8690942510576300C820B9 /* Assets.xcassets */,
			);
			path = Views;
			sourceTree = "<group>";
		};
		0D8690A12510599000C820B9 /* Models */ = {
			isa = PBXGroup;
			children = (
			);
			path = Models;
			sourceTree = "<group>";
		};
		0D8690A22510599E00C820B9 /* ViewModels */ = {
			isa = PBXGroup;
			children = (
			);
			path = ViewModels;
			sourceTree = "<group>";
		};
		0D8690A3251059BA00C820B9 /* Resources */ = {
			isa = PBXGroup;
			children = (
				0D86908B2510576200C820B9 /* AppDelegate.swift */,
				0D86908D2510576200C820B9 /* SceneDelegate.swift */,
			);
			path = Resources;
			sourceTree = "<group>";
		};
		0D8690A4251059DC00C820B9 /* Storyboards */ = {
			isa = PBXGroup;
			children = (
				0D8690912510576200C820B9 /* Main.storyboard */,
				0D8690962510576300C820B9 /* LaunchScreen.storyboard */,
			);
			path = Storyboards;
			sourceTree = "<group>";
		};
/* End PBXGroup section */

/* Begin PBXNativeTarget section */
		0D8690872510576200C820B9 /* Messager */ = {
			isa = PBXNativeTarget;
			buildConfigurationList = 0D86909C2510576300C820B9 /* Build configuration list for PBXNativeTarget "Messager" */;
			buildPhases = (
				0D8690842510576200C820B9 /* Sources */,
				0D8690852510576200C820B9 /* Frameworks */,
				0D8690862510576200C820B9 /* Resources */,
			);
			buildRules = (
			);
			dependencies = (
			);
			name = Messager;
			productName = Messager;
			productReference = 0D8690882510576200C820B9 /* Messager.app */;
			productType = "com.apple.product-type.application";
		};
/* End PBXNativeTarget section */

/* Begin PBXProject section */
		0D8690802510576200C820B9 /* Project object */ = {
			isa = PBXProject;
			attributes = {
				LastSwiftUpdateCheck = 1170;
				LastUpgradeCheck = 1170;
				ORGANIZATIONNAME = wangchi;
				TargetAttributes = {
					0D8690872510576200C820B9 = {
						CreatedOnToolsVersion = 11.7;
					};
				};
			};
			buildConfigurationList = 0D8690832510576200C820B9 /* Build configuration list for PBXProject "Messager" */;
			compatibilityVersion = "Xcode 9.3";
			developmentRegion = en;
			hasScannedForEncodings = 0;
			knownRegions = (
				en,
				Base,
			);
			mainGroup = 0D86907F2510576200C820B9;
			productRefGroup = 0D8690892510576200C820B9 /* Products */;
			projectDirPath = "";
			projectRoot = "";
			targets = (
				0D8690872510576200C820B9 /* Messager */,
			);
		};
/* End PBXProject section */

/* Begin PBXResourcesBuildPhase section */
		0D8690862510576200C820B9 /* Resources */ = {
			isa = PBXResourcesBuildPhase;
			buildActionMask = 2147483647;
			files = (
				0D8690982510576300C820B9 /* LaunchScreen.storyboard in Resources */,
				0D8690952510576300C820B9 /* Assets.xcassets in Resources */,
				0D8690932510576200C820B9 /* Main.storyboard in Resources */,
			);
			runOnlyForDeploymentPostprocessing = 0;
		};
/* End PBXResourcesBuildPhase section */

/* Begin PBXSourcesBuildPhase section */
		0D8690842510576200C820B9 /* Sources */ = {
			isa = PBXSourcesBuildPhase;
			buildActionMask = 2147483647;
			files = (
				0D8690A625105C1700C820B9 /* LoginViewController.swift in Sources */,
				0D8690A825105C2A00C820B9 /* RegisterViewController.swift in Sources */,
				0D8690AE25105C6C00C820B9 /* NewConversationViewController.swift in Sources */,
				0D8690902510576200C820B9 /* ConversationsViewController.swift in Sources */,
				0D8690AC25105C5900C820B9 /* VideoPlayerViewController.swift in Sources */,
				0D86908C2510576200C820B9 /* AppDelegate.swift in Sources */,
				0D8690B025105C7D00C820B9 /* ProfileViewController.swift in Sources */,
				0D86908E2510576200C820B9 /* SceneDelegate.swift in Sources */,
				0D8690AA25105C4300C820B9 /* PhotoViewerViewController.swift in Sources */,
			);
			runOnlyForDeploymentPostprocessing = 0;
		};
/* End PBXSourcesBuildPhase section */

/* Begin PBXVariantGroup section */
		0D8690912510576200C820B9 /* Main.storyboard */ = {
			isa = PBXVariantGroup;
			children = (
				0D8690922510576200C820B9 /* Base */,
			);
			name = Main.storyboard;
			sourceTree = "<group>";
		};
		0D8690962510576300C820B9 /* LaunchScreen.storyboard */ = {
			isa = PBXVariantGroup;
			children = (
				0D8690972510576300C820B9 /* Base */,
			);
			name = LaunchScreen.storyboard;
			sourceTree = "<group>";
		};
/* End PBXVariantGroup section */

/* Begin XCBuildConfiguration section */
		0D86909A2510576300C820B9 /* Debug */ = {
			isa = XCBuildConfiguration;
			buildSettings = {
				ALWAYS_SEARCH_USER_PATHS = NO;
				CLANG_ANALYZER_NONNULL = YES;
				CLANG_ANALYZER_NUMBER_OBJECT_CONVERSION = YES_AGGRESSIVE;
				CLANG_CXX_LANGUAGE_STANDARD = "gnu++14";
				CLANG_CXX_LIBRARY = "libc++";
				CLANG_ENABLE_MODULES = YES;
				CLANG_ENABLE_OBJC_ARC = YES;
				CLANG_ENABLE_OBJC_WEAK = YES;
				CLANG_WARN_BLOCK_CAPTURE_AUTORELEASING = YES;
				CLANG_WARN_BOOL_CONVERSION = YES;
				CLANG_WARN_COMMA = YES;
				CLANG_WARN_CONSTANT_CONVERSION = YES;
				CLANG_WARN_DEPRECATED_OBJC_IMPLEMENTATIONS = YES;
				CLANG_WARN_DIRECT_OBJC_ISA_USAGE = YES_ERROR;
				CLANG_WARN_DOCUMENTATION_COMMENTS = YES;
				CLANG_WARN_EMPTY_BODY = YES;
				CLANG_WARN_ENUM_CONVERSION = YES;
				CLANG_WARN_INFINITE_RECURSION = YES;
				CLANG_WARN_INT_CONVERSION = YES;
				CLANG_WARN_NON_LITERAL_NULL_CONVERSION = YES;
				CLANG_WARN_OBJC_IMPLICIT_RETAIN_SELF = YES;
				CLANG_WARN_OBJC_LITERAL_CONVERSION = YES;
				CLANG_WARN_OBJC_ROOT_CLASS = YES_ERROR;
				CLANG_WARN_RANGE_LOOP_ANALYSIS = YES;
				CLANG_WARN_STRICT_PROTOTYPES = YES;
				CLANG_WARN_SUSPICIOUS_MOVE = YES;
				CLANG_WARN_UNGUARDED_AVAILABILITY = YES_AGGRESSIVE;
				CLANG_WARN_UNREACHABLE_CODE = YES;
				CLANG_WARN__DUPLICATE_METHOD_MATCH = YES;
				COPY_PHASE_STRIP = NO;
				DEBUG_INFORMATION_FORMAT = dwarf;
				ENABLE_STRICT_OBJC_MSGSEND = YES;
				ENABLE_TESTABILITY = YES;
				GCC_C_LANGUAGE_STANDARD = gnu11;
				GCC_DYNAMIC_NO_PIC = NO;
				GCC_NO_COMMON_BLOCKS = YES;
				GCC_OPTIMIZATION_LEVEL = 0;
				GCC_PREPROCESSOR_DEFINITIONS = (
					"DEBUG=1",
					"$(inherited)",
				);
				GCC_WARN_64_TO_32_BIT_CONVERSION = YES;
				GCC_WARN_ABOUT_RETURN_TYPE = YES_ERROR;
				GCC_WARN_UNDECLARED_SELECTOR = YES;
				GCC_WARN_UNINITIALIZED_AUTOS = YES_AGGRESSIVE;
				GCC_WARN_UNUSED_FUNCTION = YES;
				GCC_WARN_UNUSED_VARIABLE = YES;
				IPHONEOS_DEPLOYMENT_TARGET = 13.7;
				MTL_ENABLE_DEBUG_INFO = INCLUDE_SOURCE;
				MTL_FAST_MATH = YES;
				ONLY_ACTIVE_ARCH = YES;
				SDKROOT = iphoneos;
				SWIFT_ACTIVE_COMPILATION_CONDITIONS = DEBUG;
				SWIFT_OPTIMIZATION_LEVEL = "-Onone";
			};
			name = Debug;
		};
		0D86909B2510576300C820B9 /* Release */ = {
			isa = XCBuildConfiguration;
			buildSettings = {
				ALWAYS_SEARCH_USER_PATHS = NO;
				CLANG_ANALYZER_NONNULL = YES;
				CLANG_ANALYZER_NUMBER_OBJECT_CONVERSION = YES_AGGRESSIVE;
				CLANG_CXX_LANGUAGE_STANDARD = "gnu++14";
				CLANG_CXX_LIBRARY = "libc++";
				CLANG_ENABLE_MODULES = YES;
				CLANG_ENABLE_OBJC_ARC = YES;
				CLANG_ENABLE_OBJC_WEAK = YES;
				CLANG_WARN_BLOCK_CAPTURE_AUTORELEASING = YES;
				CLANG_WARN_BOOL_CONVERSION = YES;
				CLANG_WARN_COMMA = YES;
				CLANG_WARN_CONSTANT_CONVERSION = YES;
				CLANG_WARN_DEPRECATED_OBJC_IMPLEMENTATIONS = YES;
				CLANG_WARN_DIRECT_OBJC_ISA_USAGE = YES_ERROR;
				CLANG_WARN_DOCUMENTATION_COMMENTS = YES;
				CLANG_WARN_EMPTY_BODY = YES;
				CLANG_WARN_ENUM_CONVERSION = YES;
				CLANG_WARN_INFINITE_RECURSION = YES;
				CLANG_WARN_INT_CONVERSION = YES;
				CLANG_WARN_NON_LITERAL_NULL_CONVERSION = YES;
				CLANG_WARN_OBJC_IMPLICIT_RETAIN_SELF = YES;
				CLANG_WARN_OBJC_LITERAL_CONVERSION = YES;
				CLANG_WARN_OBJC_ROOT_CLASS = YES_ERROR;
				CLANG_WARN_RANGE_LOOP_ANALYSIS = YES;
				CLANG_WARN_STRICT_PROTOTYPES = YES;
				CLANG_WARN_SUSPICIOUS_MOVE = YES;
				CLANG_WARN_UNGUARDED_AVAILABILITY = YES_AGGRESSIVE;
				CLANG_WARN_UNREACHABLE_CODE = YES;
				CLANG_WARN__DUPLICATE_METHOD_MATCH = YES;
				COPY_PHASE_STRIP = NO;
				DEBUG_INFORMATION_FORMAT = "dwarf-with-dsym";
				ENABLE_NS_ASSERTIONS = NO;
				ENABLE_STRICT_OBJC_MSGSEND = YES;
				GCC_C_LANGUAGE_STANDARD = gnu11;
				GCC_NO_COMMON_BLOCKS = YES;
				GCC_WARN_64_TO_32_BIT_CONVERSION = YES;
				GCC_WARN_ABOUT_RETURN_TYPE = YES_ERROR;
				GCC_WARN_UNDECLARED_SELECTOR = YES;
				GCC_WARN_UNINITIALIZED_AUTOS = YES_AGGRESSIVE;
				GCC_WARN_UNUSED_FUNCTION = YES;
				GCC_WARN_UNUSED_VARIABLE = YES;
				IPHONEOS_DEPLOYMENT_TARGET = 13.7;
				MTL_ENABLE_DEBUG_INFO = NO;
				MTL_FAST_MATH = YES;
				SDKROOT = iphoneos;
				SWIFT_COMPILATION_MODE = wholemodule;
				SWIFT_OPTIMIZATION_LEVEL = "-O";
				VALIDATE_PRODUCT = YES;
			};
			name = Release;
		};
		0D86909D2510576300C820B9 /* Debug */ = {
			isa = XCBuildConfiguration;
			buildSettings = {
				ASSETCATALOG_COMPILER_APPICON_NAME = AppIcon;
				CODE_SIGN_STYLE = Automatic;
				INFOPLIST_FILE = Messager/Info.plist;
				LD_RUNPATH_SEARCH_PATHS = (
					"$(inherited)",
					"@executable_path/Frameworks",
				);
				PRODUCT_BUNDLE_IDENTIFIER = com.addictedtoelixir.com.Messager;
				PRODUCT_NAME = "$(TARGET_NAME)";
				SWIFT_VERSION = 5.0;
				TARGETED_DEVICE_FAMILY = "1,2";
			};
			name = Debug;
		};
		0D86909E2510576300C820B9 /* Release */ = {
			isa = XCBuildConfiguration;
			buildSettings = {
				ASSETCATALOG_COMPILER_APPICON_NAME = AppIcon;
				CODE_SIGN_STYLE = Automatic;
				INFOPLIST_FILE = Messager/Info.plist;
				LD_RUNPATH_SEARCH_PATHS = (
					"$(inherited)",
					"@executable_path/Frameworks",
				);
				PRODUCT_BUNDLE_IDENTIFIER = com.addictedtoelixir.com.Messager;
				PRODUCT_NAME = "$(TARGET_NAME)";
				SWIFT_VERSION = 5.0;
				TARGETED_DEVICE_FAMILY = "1,2";
			};
			name = Release;
		};
/* End XCBuildConfiguration section */

/* Begin XCConfigurationList section */
		0D8690832510576200C820B9 /* Build configuration list for PBXProject "Messager" */ = {
			isa = XCConfigurationList;
			buildConfigurations = (
				0D86909A2510576300C820B9 /* Debug */,
				0D86909B2510576300C820B9 /* Release */,
			);
			defaultConfigurationIsVisible = 0;
			defaultConfigurationName = Release;
		};
		0D86909C2510576300C820B9 /* Build configuration list for PBXNativeTarget "Messager" */ = {
			isa = XCConfigurationList;
			buildConfigurations = (
				0D86909D2510576300C820B9 /* Debug */,
				0D86909E2510576300C820B9 /* Release */,
			);
			defaultConfigurationIsVisible = 0;
			defaultConfigurationName = Release;
		};
/* End XCConfigurationList section */
	};
	rootObject = 0D8690802510576200C820B9 /* Project object */;
}
